
Microsoft Visual Studio Solution File, Format Version 12.00
# Visual Studio Version 16
VisualStudioVersion = 16.0.29319.158
MinimumVisualStudioVersion = 10.0.40219.1
Project("{FAE04EC0-301F-11D3-BF4B-00C04F79EFBC}") = "PrototypeDPatterns", "PrototypeDPatterns\PrototypeDPatterns.csproj", "{535D1482-5D91-478F-BA23-4CBE84120B7C}"
EndProject
Global
	GlobalSection(SolutionConfigurationPlatforms) = preSolution
		Debug|Any CPU = Debug|Any CPU
		Release|Any CPU = Release|Any CPU
	EndGlobalSection
	GlobalSection(ProjectConfigurationPlatforms) = postSolution
		{535D1482-5D91-478F-BA23-4CBE84120B7C}.Debug|Any CPU.ActiveCfg = Debug|Any CPU
		{535D1482-5D91-478F-BA23-4CBE84120B7C}.Debug|Any CPU.Build.0 = Debug|Any CPU
		{535D1482-5D91-478F-BA23-4CBE84120B7C}.Release|Any CPU.ActiveCfg = Release|Any CPU
		{535D1482-5D91-478F-BA23-4CBE84120B7C}.Release|Any CPU.Build.0 = Release|Any CPU
	EndGlobalSection
	GlobalSection(SolutionProperties) = preSolution
		HideSolutionNode = FALSE
	EndGlobalSection
	GlobalSection(ExtensibilityGlobals) = postSolution
		SolutionGuid = {1D4703E1-0BF9-4DF3-AF64-BEAB8426BDD8}
	EndGlobalSection
EndGlobal
